
Microsoft Visual Studio Solution File, Format Version 11.00
# Visual Studio 2010
Project("{FAE04EC0-301F-11D3-BF4B-00C04F79EFBC}") = "TidyManaged", "TidyManaged.csproj", "{D799633D-00EF-437C-B158-315557D930FC}"
EndProject
Global
	GlobalSection(SolutionConfigurationPlatforms) = preSolution
		Debug|Any CPU = Debug|Any CPU
		Release|Any CPU = Release|Any CPU
	EndGlobalSection
	GlobalSection(ProjectConfigurationPlatforms) = postSolution
		{D799633D-00EF-437C-B158-315557D930FC}.Debug|Any CPU.ActiveCfg = Debug|Any CPU
		{D799633D-00EF-437C-B158-315557D930FC}.Debug|Any CPU.Build.0 = Debug|Any CPU
		{D799633D-00EF-437C-B158-315557D930FC}.Release|Any CPU.ActiveCfg = Release|Any CPU
		{D799633D-00EF-437C-B158-315557D930FC}.Release|Any CPU.Build.0 = Release|Any CPU
	EndGlobalSection
	GlobalSection(SolutionProperties) = preSolution
		HideSolutionNode = FALSE
	EndGlobalSection
	GlobalSection(MonoDevelopProperties) = preSolution
		StartupItem = TidyManaged.csproj
	EndGlobalSection
EndGlobal
